
Microsoft Visual Studio Solution File, Format Version 12.00
# Visual Studio Version 16
VisualStudioVersion = 16.0.31515.178
MinimumVisualStudioVersion = 10.0.40219.1
Project("{FAE04EC0-301F-11D3-BF4B-00C04F79EFBC}") = "WinForm2048", "WinForm2048\WinForm2048.csproj", "{DD0D2570-F546-4189-ABD3-1AF134D1D740}"
EndProject
Project("{FAE04EC0-301F-11D3-BF4B-00C04F79EFBC}") = "UnitTestApplication", "UnitTestApplication\UnitTestApplication.csproj", "{C4A670E8-516F-4345-BC33-E8B833FA0909}"
EndProject
Project("{2150E333-8FDC-42A3-9474-1A3956D46DE8}") = "Solution Items", "Solution Items", "{A2DFD76D-DDB5-42ED-B241-6CE06C7BB435}"
	ProjectSection(SolutionItems) = preProject
		.editorconfig = .editorconfig
	EndProjectSection
EndProject
Global
	GlobalSection(SolutionConfigurationPlatforms) = preSolution
		Debug|Any CPU = Debug|Any CPU
		Release|Any CPU = Release|Any CPU
	EndGlobalSection
	GlobalSection(ProjectConfigurationPlatforms) = postSolution
		{DD0D2570-F546-4189-ABD3-1AF134D1D740}.Debug|Any CPU.ActiveCfg = Debug|Any CPU
		{DD0D2570-F546-4189-ABD3-1AF134D1D740}.Debug|Any CPU.Build.0 = Debug|Any CPU
		{DD0D2570-F546-4189-ABD3-1AF134D1D740}.Release|Any CPU.ActiveCfg = Release|Any CPU
		{DD0D2570-F546-4189-ABD3-1AF134D1D740}.Release|Any CPU.Build.0 = Release|Any CPU
		{C4A670E8-516F-4345-BC33-E8B833FA0909}.Debug|Any CPU.ActiveCfg = Debug|Any CPU
		{C4A670E8-516F-4345-BC33-E8B833FA0909}.Debug|Any CPU.Build.0 = Debug|Any CPU
		{C4A670E8-516F-4345-BC33-E8B833FA0909}.Release|Any CPU.ActiveCfg = Release|Any CPU
		{C4A670E8-516F-4345-BC33-E8B833FA0909}.Release|Any CPU.Build.0 = Release|Any CPU
	EndGlobalSection
	GlobalSection(SolutionProperties) = preSolution
		HideSolutionNode = FALSE
	EndGlobalSection
	GlobalSection(ExtensibilityGlobals) = postSolution
		SolutionGuid = {6656A95B-67B1-4DB7-AEDC-FAA24E3B41AD}
	EndGlobalSection
EndGlobal
